// !$*UTF8*$!
{
	archiveVersion = 1;
	classes = {
	};
	objectVersion = 56;
	objects = {

/* Begin PBXBuildFile section */
		31A63819437C034881EF8A1D /* Pods_technical_Task.framework in Frameworks */ = {isa = PBXBuildFile; fileRef = 7D9DA7F48F58581DBCA320BF /* Pods_technical_Task.framework */; };
		F30038092AAF8BD80087A8C2 /* MainViewModel.swift in Sources */ = {isa = PBXBuildFile; fileRef = F30038082AAF8BD80087A8C2 /* MainViewModel.swift */; };
		F31EB9572AB02846009DCEF5 /* cities.json in Resources */ = {isa = PBXBuildFile; fileRef = F31EB9562AB02846009DCEF5 /* cities.json */; };
		F31EB9592AB028C3009DCEF5 /* City.swift in Sources */ = {isa = PBXBuildFile; fileRef = F31EB9582AB028C3009DCEF5 /* City.swift */; };
		F31EB95C2AB032DC009DCEF5 /* SectionView.swift in Sources */ = {isa = PBXBuildFile; fileRef = F31EB95B2AB032DC009DCEF5 /* SectionView.swift */; };
		F34678262AAC3A1D00C12A50 /* Coin.swift in Sources */ = {isa = PBXBuildFile; fileRef = F34678252AAC3A1D00C12A50 /* Coin.swift */; };
		F34D1CB42AB329F8003405EF /* MainViewHelper.swift in Sources */ = {isa = PBXBuildFile; fileRef = F34D1CB32AB329F8003405EF /* MainViewHelper.swift */; };
		F359D0822AAC4C2900BA427A /* UINavigationBarAppearance+Convenience.swift in Sources */ = {isa = PBXBuildFile; fileRef = F359D0812AAC4C2900BA427A /* UINavigationBarAppearance+Convenience.swift */; };
		F359D0862AAC4FEC00BA427A /* SettingsViewController.swift in Sources */ = {isa = PBXBuildFile; fileRef = F359D0852AAC4FEC00BA427A /* SettingsViewController.swift */; };
		F359D0882AAC5B2700BA427A /* SettingPreferenceManager.swift in Sources */ = {isa = PBXBuildFile; fileRef = F359D0872AAC5B2700BA427A /* SettingPreferenceManager.swift */; };
		F363C2452AAF882F00F9130E /* ChooseItemViewController.swift in Sources */ = {isa = PBXBuildFile; fileRef = F363C2442AAF882F00F9130E /* ChooseItemViewController.swift */; };
		F370BE112AA9BC09006F0461 /* UIView+Convenience.swift in Sources */ = {isa = PBXBuildFile; fileRef = F370BE102AA9BC09006F0461 /* UIView+Convenience.swift */; };
		F370BE132AA9BC5C006F0461 /* UIViewController+Alerts.swift in Sources */ = {isa = PBXBuildFile; fileRef = F370BE122AA9BC5C006F0461 /* UIViewController+Alerts.swift */; };
		F370BE152AA9BCB7006F0461 /* LocalizedStrings.swift in Sources */ = {isa = PBXBuildFile; fileRef = F370BE142AA9BCB7006F0461 /* LocalizedStrings.swift */; };
		F3A5CA422AB203D900ADC362 /* CoinsView.swift in Sources */ = {isa = PBXBuildFile; fileRef = F3A5CA412AB203D900ADC362 /* CoinsView.swift */; };
		F3ADA5CC2AA99C0F00982D05 /* AppDelegate.swift in Sources */ = {isa = PBXBuildFile; fileRef = F3ADA5CB2AA99C0F00982D05 /* AppDelegate.swift */; };
		F3ADA5D02AA99C0F00982D05 /* MainViewController.swift in Sources */ = {isa = PBXBuildFile; fileRef = F3ADA5CF2AA99C0F00982D05 /* MainViewController.swift */; };
		F3ADA5D52AA99C1000982D05 /* Assets.xcassets in Resources */ = {isa = PBXBuildFile; fileRef = F3ADA5D42AA99C1000982D05 /* Assets.xcassets */; };
		F3B3BE2A2AB180A600B63159 /* WeatherView.swift in Sources */ = {isa = PBXBuildFile; fileRef = F3B3BE292AB180A600B63159 /* WeatherView.swift */; };
		F3B9DFB62AAB4E63004CEFA4 /* ApiRequestsTypes.swift in Sources */ = {isa = PBXBuildFile; fileRef = F3B9DFB52AAB4E63004CEFA4 /* ApiRequestsTypes.swift */; };
		F3B9DFB82AAB5352004CEFA4 /* ApiServices.swift in Sources */ = {isa = PBXBuildFile; fileRef = F3B9DFB72AAB5352004CEFA4 /* ApiServices.swift */; };
		F3B9DFBB2AAB9D21004CEFA4 /* Weather.swift in Sources */ = {isa = PBXBuildFile; fileRef = F3B9DFBA2AAB9D21004CEFA4 /* Weather.swift */; };
		F3BD5D862AB0811F0032C281 /* ChooseItemViewModel.swift in Sources */ = {isa = PBXBuildFile; fileRef = F3BD5D852AB0811F0032C281 /* ChooseItemViewModel.swift */; };
		F3BD5D8A2AB093490032C281 /* ChooseItemCell.swift in Sources */ = {isa = PBXBuildFile; fileRef = F3BD5D892AB093490032C281 /* ChooseItemCell.swift */; };
		F3BE01752AB4274200E05440 /* AppNotification.swift in Sources */ = {isa = PBXBuildFile; fileRef = F3BE01742AB4274200E05440 /* AppNotification.swift */; };
		F3E10E5D2AA9C013007FC39A /* UIViewController+Convenience.swift in Sources */ = {isa = PBXBuildFile; fileRef = F3E10E5C2AA9C013007FC39A /* UIViewController+Convenience.swift */; };
		F3E10E5F2AA9C134007FC39A /* AppNavigator.swift in Sources */ = {isa = PBXBuildFile; fileRef = F3E10E5E2AA9C134007FC39A /* AppNavigator.swift */; };
		F3E10E612AA9C23E007FC39A /* Constants.swift in Sources */ = {isa = PBXBuildFile; fileRef = F3E10E602AA9C23E007FC39A /* Constants.swift */; };
		F3E10E632AA9C299007FC39A /* PreferenceManager.swift in Sources */ = {isa = PBXBuildFile; fileRef = F3E10E622AA9C299007FC39A /* PreferenceManager.swift */; };
		F3E10E662AA9C326007FC39A /* ViewsFactory.swift in Sources */ = {isa = PBXBuildFile; fileRef = F3E10E652AA9C326007FC39A /* ViewsFactory.swift */; };
		F3E10E682AA9C40A007FC39A /* Fonts.swift in Sources */ = {isa = PBXBuildFile; fileRef = F3E10E672AA9C40A007FC39A /* Fonts.swift */; };
		F3E10E6A2AA9C44F007FC39A /* Images.swift in Sources */ = {isa = PBXBuildFile; fileRef = F3E10E692AA9C44F007FC39A /* Images.swift */; };
		F3E10E6C2AA9C4FD007FC39A /* UIButton+Convenience.swift in Sources */ = {isa = PBXBuildFile; fileRef = F3E10E6B2AA9C4FD007FC39A /* UIButton+Convenience.swift */; };
		F3E10E712AA9C6EE007FC39A /* Localizable.strings in Resources */ = {isa = PBXBuildFile; fileRef = F3E10E732AA9C6EE007FC39A /* Localizable.strings */; };
		F3E10E802AA9C88D007FC39A /* SFProText-Semibold.ttf in Resources */ = {isa = PBXBuildFile; fileRef = F3E10E762AA9C88C007FC39A /* SFProText-Semibold.ttf */; };
		F3E10E812AA9C88D007FC39A /* SFProText-Regular.ttf in Resources */ = {isa = PBXBuildFile; fileRef = F3E10E772AA9C88C007FC39A /* SFProText-Regular.ttf */; };
		F3E10E872AA9C88D007FC39A /* SFProDisplay-Semibold.ttf in Resources */ = {isa = PBXBuildFile; fileRef = F3E10E7D2AA9C88D007FC39A /* SFProDisplay-Semibold.ttf */; };
		F3E521D42AA9B86D00799337 /* Colors.swift in Sources */ = {isa = PBXBuildFile; fileRef = F3E521D32AA9B86D00799337 /* Colors.swift */; };
		F3E521D62AA9B8EE00799337 /* Double+Convenience.swift in Sources */ = {isa = PBXBuildFile; fileRef = F3E521D52AA9B8EE00799337 /* Double+Convenience.swift */; };
/* End PBXBuildFile section */

/* Begin PBXFileReference section */
		7D9DA7F48F58581DBCA320BF /* Pods_technical_Task.framework */ = {isa = PBXFileReference; explicitFileType = wrapper.framework; includeInIndex = 0; path = Pods_technical_Task.framework; sourceTree = BUILT_PRODUCTS_DIR; };
		837CE5DF8E3231FDD233A98C /* Pods-technical_Task.debug.xcconfig */ = {isa = PBXFileReference; includeInIndex = 1; lastKnownFileType = text.xcconfig; name = "Pods-technical_Task.debug.xcconfig"; path = "Target Support Files/Pods-technical_Task/Pods-technical_Task.debug.xcconfig"; sourceTree = "<group>"; };
		B9A7158F169082D50E5CD036 /* Pods-technical_Task.release.xcconfig */ = {isa = PBXFileReference; includeInIndex = 1; lastKnownFileType = text.xcconfig; name = "Pods-technical_Task.release.xcconfig"; path = "Target Support Files/Pods-technical_Task/Pods-technical_Task.release.xcconfig"; sourceTree = "<group>"; };
		F30038082AAF8BD80087A8C2 /* MainViewModel.swift */ = {isa = PBXFileReference; lastKnownFileType = sourcecode.swift; path = MainViewModel.swift; sourceTree = "<group>"; };
		F31EB9562AB02846009DCEF5 /* cities.json */ = {isa = PBXFileReference; fileEncoding = 4; lastKnownFileType = text.json; path = cities.json; sourceTree = "<group>"; };
		F31EB9582AB028C3009DCEF5 /* City.swift */ = {isa = PBXFileReference; lastKnownFileType = sourcecode.swift; path = City.swift; sourceTree = "<group>"; };
		F31EB95B2AB032DC009DCEF5 /* SectionView.swift */ = {isa = PBXFileReference; lastKnownFileType = sourcecode.swift; path = SectionView.swift; sourceTree = "<group>"; };
		F34678252AAC3A1D00C12A50 /* Coin.swift */ = {isa = PBXFileReference; lastKnownFileType = sourcecode.swift; path = Coin.swift; sourceTree = "<group>"; };
		F34D1CB32AB329F8003405EF /* MainViewHelper.swift */ = {isa = PBXFileReference; lastKnownFileType = sourcecode.swift; path = MainViewHelper.swift; sourceTree = "<group>"; };
		F359D0812AAC4C2900BA427A /* UINavigationBarAppearance+Convenience.swift */ = {isa = PBXFileReference; lastKnownFileType = sourcecode.swift; path = "UINavigationBarAppearance+Convenience.swift"; sourceTree = "<group>"; };
		F359D0852AAC4FEC00BA427A /* SettingsViewController.swift */ = {isa = PBXFileReference; lastKnownFileType = sourcecode.swift; path = SettingsViewController.swift; sourceTree = "<group>"; };
		F359D0872AAC5B2700BA427A /* SettingPreferenceManager.swift */ = {isa = PBXFileReference; lastKnownFileType = sourcecode.swift; path = SettingPreferenceManager.swift; sourceTree = "<group>"; };
		F363C2442AAF882F00F9130E /* ChooseItemViewController.swift */ = {isa = PBXFileReference; lastKnownFileType = sourcecode.swift; path = ChooseItemViewController.swift; sourceTree = "<group>"; };
		F370BE102AA9BC09006F0461 /* UIView+Convenience.swift */ = {isa = PBXFileReference; lastKnownFileType = sourcecode.swift; path = "UIView+Convenience.swift"; sourceTree = "<group>"; };
		F370BE122AA9BC5C006F0461 /* UIViewController+Alerts.swift */ = {isa = PBXFileReference; lastKnownFileType = sourcecode.swift; path = "UIViewController+Alerts.swift"; sourceTree = "<group>"; };
		F370BE142AA9BCB7006F0461 /* LocalizedStrings.swift */ = {isa = PBXFileReference; lastKnownFileType = sourcecode.swift; path = LocalizedStrings.swift; sourceTree = "<group>"; };
		F3A5CA412AB203D900ADC362 /* CoinsView.swift */ = {isa = PBXFileReference; lastKnownFileType = sourcecode.swift; path = CoinsView.swift; sourceTree = "<group>"; };
		F3ADA5C82AA99C0F00982D05 /* technical_Task.app */ = {isa = PBXFileReference; explicitFileType = wrapper.application; includeInIndex = 0; path = technical_Task.app; sourceTree = BUILT_PRODUCTS_DIR; };
		F3ADA5CB2AA99C0F00982D05 /* AppDelegate.swift */ = {isa = PBXFileReference; lastKnownFileType = sourcecode.swift; path = AppDelegate.swift; sourceTree = "<group>"; };
		F3ADA5CF2AA99C0F00982D05 /* MainViewController.swift */ = {isa = PBXFileReference; lastKnownFileType = sourcecode.swift; path = MainViewController.swift; sourceTree = "<group>"; };
		F3ADA5D42AA99C1000982D05 /* Assets.xcassets */ = {isa = PBXFileReference; lastKnownFileType = folder.assetcatalog; path = Assets.xcassets; sourceTree = "<group>"; };
		F3ADA5D92AA99C1000982D05 /* Info.plist */ = {isa = PBXFileReference; lastKnownFileType = text.plist.xml; path = Info.plist; sourceTree = "<group>"; };
		F3B3BE292AB180A600B63159 /* WeatherView.swift */ = {isa = PBXFileReference; lastKnownFileType = sourcecode.swift; path = WeatherView.swift; sourceTree = "<group>"; };
		F3B9DFB52AAB4E63004CEFA4 /* ApiRequestsTypes.swift */ = {isa = PBXFileReference; lastKnownFileType = sourcecode.swift; path = ApiRequestsTypes.swift; sourceTree = "<group>"; };
		F3B9DFB72AAB5352004CEFA4 /* ApiServices.swift */ = {isa = PBXFileReference; lastKnownFileType = sourcecode.swift; path = ApiServices.swift; sourceTree = "<group>"; };
		F3B9DFBA2AAB9D21004CEFA4 /* Weather.swift */ = {isa = PBXFileReference; lastKnownFileType = sourcecode.swift; path = Weather.swift; sourceTree = "<group>"; };
		F3BD5D852AB0811F0032C281 /* ChooseItemViewModel.swift */ = {isa = PBXFileReference; lastKnownFileType = sourcecode.swift; path = ChooseItemViewModel.swift; sourceTree = "<group>"; };
		F3BD5D892AB093490032C281 /* ChooseItemCell.swift */ = {isa = PBXFileReference; lastKnownFileType = sourcecode.swift; path = ChooseItemCell.swift; sourceTree = "<group>"; };
		F3BE01742AB4274200E05440 /* AppNotification.swift */ = {isa = PBXFileReference; lastKnownFileType = sourcecode.swift; path = AppNotification.swift; sourceTree = "<group>"; };
		F3E10E5C2AA9C013007FC39A /* UIViewController+Convenience.swift */ = {isa = PBXFileReference; lastKnownFileType = sourcecode.swift; path = "UIViewController+Convenience.swift"; sourceTree = "<group>"; };
		F3E10E5E2AA9C134007FC39A /* AppNavigator.swift */ = {isa = PBXFileReference; lastKnownFileType = sourcecode.swift; path = AppNavigator.swift; sourceTree = "<group>"; };
		F3E10E602AA9C23E007FC39A /* Constants.swift */ = {isa = PBXFileReference; lastKnownFileType = sourcecode.swift; path = Constants.swift; sourceTree = "<group>"; };
		F3E10E622AA9C299007FC39A /* PreferenceManager.swift */ = {isa = PBXFileReference; lastKnownFileType = sourcecode.swift; path = PreferenceManager.swift; sourceTree = "<group>"; };
		F3E10E652AA9C326007FC39A /* ViewsFactory.swift */ = {isa = PBXFileReference; lastKnownFileType = sourcecode.swift; path = ViewsFactory.swift; sourceTree = "<group>"; };
		F3E10E672AA9C40A007FC39A /* Fonts.swift */ = {isa = PBXFileReference; lastKnownFileType = sourcecode.swift; path = Fonts.swift; sourceTree = "<group>"; };
		F3E10E692AA9C44F007FC39A /* Images.swift */ = {isa = PBXFileReference; lastKnownFileType = sourcecode.swift; path = Images.swift; sourceTree = "<group>"; };
		F3E10E6B2AA9C4FD007FC39A /* UIButton+Convenience.swift */ = {isa = PBXFileReference; lastKnownFileType = sourcecode.swift; path = "UIButton+Convenience.swift"; sourceTree = "<group>"; };
		F3E10E722AA9C6EE007FC39A /* en */ = {isa = PBXFileReference; lastKnownFileType = text.plist.strings; name = en; path = en.lproj/Localizable.strings; sourceTree = "<group>"; };
		F3E10E762AA9C88C007FC39A /* SFProText-Semibold.ttf */ = {isa = PBXFileReference; lastKnownFileType = file; path = "SFProText-Semibold.ttf"; sourceTree = "<group>"; };
		F3E10E772AA9C88C007FC39A /* SFProText-Regular.ttf */ = {isa = PBXFileReference; lastKnownFileType = file; path = "SFProText-Regular.ttf"; sourceTree = "<group>"; };
		F3E10E7D2AA9C88D007FC39A /* SFProDisplay-Semibold.ttf */ = {isa = PBXFileReference; lastKnownFileType = file; path = "SFProDisplay-Semibold.ttf"; sourceTree = "<group>"; };
		F3E521D32AA9B86D00799337 /* Colors.swift */ = {isa = PBXFileReference; lastKnownFileType = sourcecode.swift; path = Colors.swift; sourceTree = "<group>"; };
		F3E521D52AA9B8EE00799337 /* Double+Convenience.swift */ = {isa = PBXFileReference; lastKnownFileType = sourcecode.swift; path = "Double+Convenience.swift"; sourceTree = "<group>"; };
/* End PBXFileReference section */

/* Begin PBXFrameworksBuildPhase section */
		F3ADA5C52AA99C0F00982D05 /* Frameworks */ = {
			isa = PBXFrameworksBuildPhase;
			buildActionMask = 2147483647;
			files = (
				31A63819437C034881EF8A1D /* Pods_technical_Task.framework in Frameworks */,
			);
			runOnlyForDeploymentPostprocessing = 0;
		};
/* End PBXFrameworksBuildPhase section */

/* Begin PBXGroup section */
		3ED6AA9D1532708C25D20324 /* Frameworks */ = {
			isa = PBXGroup;
			children = (
				7D9DA7F48F58581DBCA320BF /* Pods_technical_Task.framework */,
			);
			name = Frameworks;
			sourceTree = "<group>";
		};
		8CE94229DB1353764D123F45 /* Pods */ = {
			isa = PBXGroup;
			children = (
				837CE5DF8E3231FDD233A98C /* Pods-technical_Task.debug.xcconfig */,
				B9A7158F169082D50E5CD036 /* Pods-technical_Task.release.xcconfig */,
			);
			path = Pods;
			sourceTree = "<group>";
		};
		F31EB95A2AB032C7009DCEF5 /* Views */ = {
			isa = PBXGroup;
			children = (
				F31EB95B2AB032DC009DCEF5 /* SectionView.swift */,
				F3B3BE292AB180A600B63159 /* WeatherView.swift */,
				F3A5CA412AB203D900ADC362 /* CoinsView.swift */,
			);
			path = Views;
			sourceTree = "<group>";
		};
		F359D0832AAC4FC700BA427A /* Main */ = {
			isa = PBXGroup;
			children = (
				F31EB95A2AB032C7009DCEF5 /* Views */,
				F3ADA5CF2AA99C0F00982D05 /* MainViewController.swift */,
				F34D1CB32AB329F8003405EF /* MainViewHelper.swift */,
				F30038082AAF8BD80087A8C2 /* MainViewModel.swift */,
			);
			path = Main;
			sourceTree = "<group>";
		};
		F359D0842AAC4FD300BA427A /* Settings */ = {
			isa = PBXGroup;
			children = (
				F359D0852AAC4FEC00BA427A /* SettingsViewController.swift */,
			);
			path = Settings;
			sourceTree = "<group>";
		};
		F3966F6A2AA9B825005EB395 /* Common */ = {
			isa = PBXGroup;
			children = (
				F3E521D22AA9B83D00799337 /* Extensions */,
				F3E10E5E2AA9C134007FC39A /* AppNavigator.swift */,
				F3E10E602AA9C23E007FC39A /* Constants.swift */,
				F3E10E622AA9C299007FC39A /* PreferenceManager.swift */,
				F359D0872AAC5B2700BA427A /* SettingPreferenceManager.swift */,
				F3BE01742AB4274200E05440 /* AppNotification.swift */,
			);
			path = Common;
			sourceTree = "<group>";
		};
		F3ADA5BF2AA99C0F00982D05 = {
			isa = PBXGroup;
			children = (
				F3ADA5CA2AA99C0F00982D05 /* technical_Task */,
				F3ADA5C92AA99C0F00982D05 /* Products */,
				8CE94229DB1353764D123F45 /* Pods */,
				3ED6AA9D1532708C25D20324 /* Frameworks */,
			);
			sourceTree = "<group>";
		};
		F3ADA5C92AA99C0F00982D05 /* Products */ = {
			isa = PBXGroup;
			children = (
				F3ADA5C82AA99C0F00982D05 /* technical_Task.app */,
			);
			name = Products;
			sourceTree = "<group>";
		};
		F3ADA5CA2AA99C0F00982D05 /* technical_Task */ = {
			isa = PBXGroup;
			children = (
				F3B9DFB92AAB9D13004CEFA4 /* Models */,
				F3B9DFB42AAB4E56004CEFA4 /* Api */,
				F3966F6A2AA9B825005EB395 /* Common */,
				F3E10E642AA9C313007FC39A /* CustomViews */,
				F3E10E892AA9DCC3007FC39A /* Modules */,
				F3E10E6E2AA9C60E007FC39A /* Resources */,
				F3ADA5CB2AA99C0F00982D05 /* AppDelegate.swift */,
			);
			path = technical_Task;
			sourceTree = "<group>";
		};
		F3B9DFB42AAB4E56004CEFA4 /* Api */ = {
			isa = PBXGroup;
			children = (
				F3B9DFB52AAB4E63004CEFA4 /* ApiRequestsTypes.swift */,
				F3B9DFB72AAB5352004CEFA4 /* ApiServices.swift */,
			);
			path = Api;
			sourceTree = "<group>";
		};
		F3B9DFB92AAB9D13004CEFA4 /* Models */ = {
			isa = PBXGroup;
			children = (
				F3B9DFBA2AAB9D21004CEFA4 /* Weather.swift */,
				F34678252AAC3A1D00C12A50 /* Coin.swift */,
				F31EB9582AB028C3009DCEF5 /* City.swift */,
			);
			path = Models;
			sourceTree = "<group>";
		};
		F3BD5D872AB081340032C281 /* ChooseItem */ = {
			isa = PBXGroup;
			children = (
				F3BD5D882AB093230032C281 /* Views */,
				F363C2442AAF882F00F9130E /* ChooseItemViewController.swift */,
				F3BD5D852AB0811F0032C281 /* ChooseItemViewModel.swift */,
			);
			path = ChooseItem;
			sourceTree = "<group>";
		};
		F3BD5D882AB093230032C281 /* Views */ = {
			isa = PBXGroup;
			children = (
				F3BD5D892AB093490032C281 /* ChooseItemCell.swift */,
			);
			path = Views;
			sourceTree = "<group>";
		};
		F3E10E642AA9C313007FC39A /* CustomViews */ = {
			isa = PBXGroup;
			children = (
				F3E10E652AA9C326007FC39A /* ViewsFactory.swift */,
			);
			path = CustomViews;
			sourceTree = "<group>";
		};
		F3E10E6D2AA9C5F2007FC39A /* Localization */ = {
			isa = PBXGroup;
			children = (
				F3E10E732AA9C6EE007FC39A /* Localizable.strings */,
			);
			path = Localization;
			sourceTree = "<group>";
		};
		F3E10E6E2AA9C60E007FC39A /* Resources */ = {
			isa = PBXGroup;
			children = (
				F31EB9562AB02846009DCEF5 /* cities.json */,
				F3ADA5D42AA99C1000982D05 /* Assets.xcassets */,
				F3ADA5D92AA99C1000982D05 /* Info.plist */,
				F3E10E742AA9C88C007FC39A /* Fonts */,
				F3E10E6D2AA9C5F2007FC39A /* Localization */,
			);
			path = Resources;
			sourceTree = "<group>";
		};
		F3E10E742AA9C88C007FC39A /* Fonts */ = {
			isa = PBXGroup;
			children = (
				F3E10E772AA9C88C007FC39A /* SFProText-Regular.ttf */,
				F3E10E7D2AA9C88D007FC39A /* SFProDisplay-Semibold.ttf */,
				F3E10E762AA9C88C007FC39A /* SFProText-Semibold.ttf */,
			);
			path = Fonts;
			sourceTree = "<group>";
		};
		F3E10E892AA9DCC3007FC39A /* Modules */ = {
			isa = PBXGroup;
			children = (
				F359D0832AAC4FC700BA427A /* Main */,
				F359D0842AAC4FD300BA427A /* Settings */,
				F3BD5D872AB081340032C281 /* ChooseItem */,
			);
			path = Modules;
			sourceTree = "<group>";
		};
		F3E521D22AA9B83D00799337 /* Extensions */ = {
			isa = PBXGroup;
			children = (
				F3E521D32AA9B86D00799337 /* Colors.swift */,
				F3E521D52AA9B8EE00799337 /* Double+Convenience.swift */,
				F370BE142AA9BCB7006F0461 /* LocalizedStrings.swift */,
				F370BE102AA9BC09006F0461 /* UIView+Convenience.swift */,
				F370BE122AA9BC5C006F0461 /* UIViewController+Alerts.swift */,
				F3E10E5C2AA9C013007FC39A /* UIViewController+Convenience.swift */,
				F3E10E672AA9C40A007FC39A /* Fonts.swift */,
				F3E10E692AA9C44F007FC39A /* Images.swift */,
				F3E10E6B2AA9C4FD007FC39A /* UIButton+Convenience.swift */,
				F359D0812AAC4C2900BA427A /* UINavigationBarAppearance+Convenience.swift */,
			);
			path = Extensions;
			sourceTree = "<group>";
		};
/* End PBXGroup section */

/* Begin PBXNativeTarget section */
		F3ADA5C72AA99C0F00982D05 /* technical_Task */ = {
			isa = PBXNativeTarget;
			buildConfigurationList = F3ADA5DC2AA99C1000982D05 /* Build configuration list for PBXNativeTarget "technical_Task" */;
			buildPhases = (
				771F752EDF9ED45D8B330085 /* [CP] Check Pods Manifest.lock */,
				F3ADA5C42AA99C0F00982D05 /* Sources */,
				F3ADA5C52AA99C0F00982D05 /* Frameworks */,
				F3ADA5C62AA99C0F00982D05 /* Resources */,
				30D307A7DA9206E4ED8CB540 /* [CP] Embed Pods Frameworks */,
			);
			buildRules = (
			);
			dependencies = (
			);
			name = technical_Task;
			productName = technical_Task;
			productReference = F3ADA5C82AA99C0F00982D05 /* technical_Task.app */;
			productType = "com.apple.product-type.application";
		};
/* End PBXNativeTarget section */

/* Begin PBXProject section */
		F3ADA5C02AA99C0F00982D05 /* Project object */ = {
			isa = PBXProject;
			attributes = {
				BuildIndependentTargetsInParallel = 1;
				LastSwiftUpdateCheck = 1420;
				LastUpgradeCheck = 1420;
				TargetAttributes = {
					F3ADA5C72AA99C0F00982D05 = {
						CreatedOnToolsVersion = 14.2;
					};
				};
			};
			buildConfigurationList = F3ADA5C32AA99C0F00982D05 /* Build configuration list for PBXProject "technical_Task" */;
			compatibilityVersion = "Xcode 14.0";
			developmentRegion = en;
			hasScannedForEncodings = 0;
			knownRegions = (
				en,
			);
			mainGroup = F3ADA5BF2AA99C0F00982D05;
			productRefGroup = F3ADA5C92AA99C0F00982D05 /* Products */;
			projectDirPath = "";
			projectRoot = "";
			targets = (
				F3ADA5C72AA99C0F00982D05 /* technical_Task */,
			);
		};
/* End PBXProject section */

/* Begin PBXResourcesBuildPhase section */
		F3ADA5C62AA99C0F00982D05 /* Resources */ = {
			isa = PBXResourcesBuildPhase;
			buildActionMask = 2147483647;
			files = (
				F31EB9572AB02846009DCEF5 /* cities.json in Resources */,
				F3E10E802AA9C88D007FC39A /* SFProText-Semibold.ttf in Resources */,
				F3ADA5D52AA99C1000982D05 /* Assets.xcassets in Resources */,
				F3E10E812AA9C88D007FC39A /* SFProText-Regular.ttf in Resources */,
				F3E10E712AA9C6EE007FC39A /* Localizable.strings in Resources */,
				F3E10E872AA9C88D007FC39A /* SFProDisplay-Semibold.ttf in Resources */,
			);
			runOnlyForDeploymentPostprocessing = 0;
		};
/* End PBXResourcesBuildPhase section */

/* Begin PBXShellScriptBuildPhase section */
		30D307A7DA9206E4ED8CB540 /* [CP] Embed Pods Frameworks */ = {
			isa = PBXShellScriptBuildPhase;
			buildActionMask = 2147483647;
			files = (
			);
			inputFileListPaths = (
				"${PODS_ROOT}/Target Support Files/Pods-technical_Task/Pods-technical_Task-frameworks-${CONFIGURATION}-input-files.xcfilelist",
			);
			name = "[CP] Embed Pods Frameworks";
			outputFileListPaths = (
				"${PODS_ROOT}/Target Support Files/Pods-technical_Task/Pods-technical_Task-frameworks-${CONFIGURATION}-output-files.xcfilelist",
			);
			runOnlyForDeploymentPostprocessing = 0;
			shellPath = /bin/sh;
			shellScript = "\"${PODS_ROOT}/Target Support Files/Pods-technical_Task/Pods-technical_Task-frameworks.sh\"\n";
			showEnvVarsInLog = 0;
		};
		771F752EDF9ED45D8B330085 /* [CP] Check Pods Manifest.lock */ = {
			isa = PBXShellScriptBuildPhase;
			buildActionMask = 2147483647;
			files = (
			);
			inputFileListPaths = (
			);
			inputPaths = (
				"${PODS_PODFILE_DIR_PATH}/Podfile.lock",
				"${PODS_ROOT}/Manifest.lock",
			);
			name = "[CP] Check Pods Manifest.lock";
			outputFileListPaths = (
			);
			outputPaths = (
				"$(DERIVED_FILE_DIR)/Pods-technical_Task-checkManifestLockResult.txt",
			);
			runOnlyForDeploymentPostprocessing = 0;
			shellPath = /bin/sh;
			shellScript = "diff \"${PODS_PODFILE_DIR_PATH}/Podfile.lock\" \"${PODS_ROOT}/Manifest.lock\" > /dev/null\nif [ $? != 0 ] ; then\n    # print error to STDERR\n    echo \"error: The sandbox is not in sync with the Podfile.lock. Run 'pod install' or update your CocoaPods installation.\" >&2\n    exit 1\nfi\n# This output is used by Xcode 'outputs' to avoid re-running this script phase.\necho \"SUCCESS\" > \"${SCRIPT_OUTPUT_FILE_0}\"\n";
			showEnvVarsInLog = 0;
		};
/* End PBXShellScriptBuildPhase section */

/* Begin PBXSourcesBuildPhase section */
		F3ADA5C42AA99C0F00982D05 /* Sources */ = {
			isa = PBXSourcesBuildPhase;
			buildActionMask = 2147483647;
			files = (
				F3ADA5D02AA99C0F00982D05 /* MainViewController.swift in Sources */,
				F3E10E612AA9C23E007FC39A /* Constants.swift in Sources */,
				F359D0862AAC4FEC00BA427A /* SettingsViewController.swift in Sources */,
				F3E10E682AA9C40A007FC39A /* Fonts.swift in Sources */,
				F3E521D62AA9B8EE00799337 /* Double+Convenience.swift in Sources */,
				F3B9DFBB2AAB9D21004CEFA4 /* Weather.swift in Sources */,
				F31EB9592AB028C3009DCEF5 /* City.swift in Sources */,
				F363C2452AAF882F00F9130E /* ChooseItemViewController.swift in Sources */,
				F31EB95C2AB032DC009DCEF5 /* SectionView.swift in Sources */,
				F3E10E662AA9C326007FC39A /* ViewsFactory.swift in Sources */,
				F3E10E5D2AA9C013007FC39A /* UIViewController+Convenience.swift in Sources */,
				F3E10E632AA9C299007FC39A /* PreferenceManager.swift in Sources */,
				F3E10E6A2AA9C44F007FC39A /* Images.swift in Sources */,
				F359D0822AAC4C2900BA427A /* UINavigationBarAppearance+Convenience.swift in Sources */,
				F359D0882AAC5B2700BA427A /* SettingPreferenceManager.swift in Sources */,
				F3E10E5F2AA9C134007FC39A /* AppNavigator.swift in Sources */,
				F3E10E6C2AA9C4FD007FC39A /* UIButton+Convenience.swift in Sources */,
				F3A5CA422AB203D900ADC362 /* CoinsView.swift in Sources */,
				F3B9DFB82AAB5352004CEFA4 /* ApiServices.swift in Sources */,
				F3B3BE2A2AB180A600B63159 /* WeatherView.swift in Sources */,
				F34D1CB42AB329F8003405EF /* MainViewHelper.swift in Sources */,
				F370BE152AA9BCB7006F0461 /* LocalizedStrings.swift in Sources */,
				F370BE112AA9BC09006F0461 /* UIView+Convenience.swift in Sources */,
				F3E521D42AA9B86D00799337 /* Colors.swift in Sources */,
				F3BE01752AB4274200E05440 /* AppNotification.swift in Sources */,
				F3ADA5CC2AA99C0F00982D05 /* AppDelegate.swift in Sources */,
				F3BD5D862AB0811F0032C281 /* ChooseItemViewModel.swift in Sources */,
				F3BD5D8A2AB093490032C281 /* ChooseItemCell.swift in Sources */,
				F3B9DFB62AAB4E63004CEFA4 /* ApiRequestsTypes.swift in Sources */,
				F34678262AAC3A1D00C12A50 /* Coin.swift in Sources */,
				F370BE132AA9BC5C006F0461 /* UIViewController+Alerts.swift in Sources */,
				F30038092AAF8BD80087A8C2 /* MainViewModel.swift in Sources */,
			);
			runOnlyForDeploymentPostprocessing = 0;
		};
/* End PBXSourcesBuildPhase section */

/* Begin PBXVariantGroup section */
		F3E10E732AA9C6EE007FC39A /* Localizable.strings */ = {
			isa = PBXVariantGroup;
			children = (
				F3E10E722AA9C6EE007FC39A /* en */,
			);
			name = Localizable.strings;
			sourceTree = "<group>";
		};
/* End PBXVariantGroup section */

/* Begin XCBuildConfiguration section */
		F3ADA5DA2AA99C1000982D05 /* Debug */ = {
			isa = XCBuildConfiguration;
			buildSettings = {
				ALWAYS_SEARCH_USER_PATHS = NO;
				CLANG_ANALYZER_NONNULL = YES;
				CLANG_ANALYZER_NUMBER_OBJECT_CONVERSION = YES_AGGRESSIVE;
				CLANG_CXX_LANGUAGE_STANDARD = "gnu++20";
				CLANG_ENABLE_MODULES = YES;
				CLANG_ENABLE_OBJC_ARC = YES;
				CLANG_ENABLE_OBJC_WEAK = YES;
				CLANG_WARN_BLOCK_CAPTURE_AUTORELEASING = YES;
				CLANG_WARN_BOOL_CONVERSION = YES;
				CLANG_WARN_COMMA = YES;
				CLANG_WARN_CONSTANT_CONVERSION = YES;
				CLANG_WARN_DEPRECATED_OBJC_IMPLEMENTATIONS = YES;
				CLANG_WARN_DIRECT_OBJC_ISA_USAGE = YES_ERROR;
				CLANG_WARN_DOCUMENTATION_COMMENTS = YES;
				CLANG_WARN_EMPTY_BODY = YES;
				CLANG_WARN_ENUM_CONVERSION = YES;
				CLANG_WARN_INFINITE_RECURSION = YES;
				CLANG_WARN_INT_CONVERSION = YES;
				CLANG_WARN_NON_LITERAL_NULL_CONVERSION = YES;
				CLANG_WARN_OBJC_IMPLICIT_RETAIN_SELF = YES;
				CLANG_WARN_OBJC_LITERAL_CONVERSION = YES;
				CLANG_WARN_OBJC_ROOT_CLASS = YES_ERROR;
				CLANG_WARN_QUOTED_INCLUDE_IN_FRAMEWORK_HEADER = YES;
				CLANG_WARN_RANGE_LOOP_ANALYSIS = YES;
				CLANG_WARN_STRICT_PROTOTYPES = YES;
				CLANG_WARN_SUSPICIOUS_MOVE = YES;
				CLANG_WARN_UNGUARDED_AVAILABILITY = YES_AGGRESSIVE;
				CLANG_WARN_UNREACHABLE_CODE = YES;
				CLANG_WARN__DUPLICATE_METHOD_MATCH = YES;
				COPY_PHASE_STRIP = NO;
				DEBUG_INFORMATION_FORMAT = dwarf;
				ENABLE_STRICT_OBJC_MSGSEND = YES;
				ENABLE_TESTABILITY = YES;
				GCC_C_LANGUAGE_STANDARD = gnu11;
				GCC_DYNAMIC_NO_PIC = NO;
				GCC_NO_COMMON_BLOCKS = YES;
				GCC_OPTIMIZATION_LEVEL = 0;
				GCC_PREPROCESSOR_DEFINITIONS = (
					"DEBUG=1",
					"$(inherited)",
				);
				GCC_WARN_64_TO_32_BIT_CONVERSION = YES;
				GCC_WARN_ABOUT_RETURN_TYPE = YES_ERROR;
				GCC_WARN_UNDECLARED_SELECTOR = YES;
				GCC_WARN_UNINITIALIZED_AUTOS = YES_AGGRESSIVE;
				GCC_WARN_UNUSED_FUNCTION = YES;
				GCC_WARN_UNUSED_VARIABLE = YES;
				IPHONEOS_DEPLOYMENT_TARGET = 13.0;
				MTL_ENABLE_DEBUG_INFO = INCLUDE_SOURCE;
				MTL_FAST_MATH = YES;
				ONLY_ACTIVE_ARCH = YES;
				SDKROOT = iphoneos;
				SWIFT_ACTIVE_COMPILATION_CONDITIONS = DEBUG;
				SWIFT_OPTIMIZATION_LEVEL = "-Onone";
			};
			name = Debug;
		};
		F3ADA5DB2AA99C1000982D05 /* Release */ = {
			isa = XCBuildConfiguration;
			buildSettings = {
				ALWAYS_SEARCH_USER_PATHS = NO;
				CLANG_ANALYZER_NONNULL = YES;
				CLANG_ANALYZER_NUMBER_OBJECT_CONVERSION = YES_AGGRESSIVE;
				CLANG_CXX_LANGUAGE_STANDARD = "gnu++20";
				CLANG_ENABLE_MODULES = YES;
				CLANG_ENABLE_OBJC_ARC = YES;
				CLANG_ENABLE_OBJC_WEAK = YES;
				CLANG_WARN_BLOCK_CAPTURE_AUTORELEASING = YES;
				CLANG_WARN_BOOL_CONVERSION = YES;
				CLANG_WARN_COMMA = YES;
				CLANG_WARN_CONSTANT_CONVERSION = YES;
				CLANG_WARN_DEPRECATED_OBJC_IMPLEMENTATIONS = YES;
				CLANG_WARN_DIRECT_OBJC_ISA_USAGE = YES_ERROR;
				CLANG_WARN_DOCUMENTATION_COMMENTS = YES;
				CLANG_WARN_EMPTY_BODY = YES;
				CLANG_WARN_ENUM_CONVERSION = YES;
				CLANG_WARN_INFINITE_RECURSION = YES;
				CLANG_WARN_INT_CONVERSION = YES;
				CLANG_WARN_NON_LITERAL_NULL_CONVERSION = YES;
				CLANG_WARN_OBJC_IMPLICIT_RETAIN_SELF = YES;
				CLANG_WARN_OBJC_LITERAL_CONVERSION = YES;
				CLANG_WARN_OBJC_ROOT_CLASS = YES_ERROR;
				CLANG_WARN_QUOTED_INCLUDE_IN_FRAMEWORK_HEADER = YES;
				CLANG_WARN_RANGE_LOOP_ANALYSIS = YES;
				CLANG_WARN_STRICT_PROTOTYPES = YES;
				CLANG_WARN_SUSPICIOUS_MOVE = YES;
				CLANG_WARN_UNGUARDED_AVAILABILITY = YES_AGGRESSIVE;
				CLANG_WARN_UNREACHABLE_CODE = YES;
				CLANG_WARN__DUPLICATE_METHOD_MATCH = YES;
				COPY_PHASE_STRIP = NO;
				DEBUG_INFORMATION_FORMAT = "dwarf-with-dsym";
				ENABLE_NS_ASSERTIONS = NO;
				ENABLE_STRICT_OBJC_MSGSEND = YES;
				GCC_C_LANGUAGE_STANDARD = gnu11;
				GCC_NO_COMMON_BLOCKS = YES;
				GCC_WARN_64_TO_32_BIT_CONVERSION = YES;
				GCC_WARN_ABOUT_RETURN_TYPE = YES_ERROR;
				GCC_WARN_UNDECLARED_SELECTOR = YES;
				GCC_WARN_UNINITIALIZED_AUTOS = YES_AGGRESSIVE;
				GCC_WARN_UNUSED_FUNCTION = YES;
				GCC_WARN_UNUSED_VARIABLE = YES;
				IPHONEOS_DEPLOYMENT_TARGET = 13.0;
				MTL_ENABLE_DEBUG_INFO = NO;
				MTL_FAST_MATH = YES;
				SDKROOT = iphoneos;
				SWIFT_COMPILATION_MODE = wholemodule;
				SWIFT_OPTIMIZATION_LEVEL = "-O";
				VALIDATE_PRODUCT = YES;
			};
			name = Release;
		};
		F3ADA5DD2AA99C1000982D05 /* Debug */ = {
			isa = XCBuildConfiguration;
			baseConfigurationReference = 837CE5DF8E3231FDD233A98C /* Pods-technical_Task.debug.xcconfig */;
			buildSettings = {
				ASSETCATALOG_COMPILER_APPICON_NAME = AppIcon;
				ASSETCATALOG_COMPILER_GLOBAL_ACCENT_COLOR_NAME = AccentColor;
				CODE_SIGN_STYLE = Automatic;
				CURRENT_PROJECT_VERSION = 1;
				DEVELOPMENT_TEAM = RBRFGT8CHB;
				GENERATE_INFOPLIST_FILE = YES;
				INFOPLIST_FILE = technical_Task/Resources/Info.plist;
				INFOPLIST_KEY_UIApplicationSupportsIndirectInputEvents = YES;
				INFOPLIST_KEY_UILaunchStoryboardName = LaunchScreen;
				INFOPLIST_KEY_UIMainStoryboardFile = "";
				INFOPLIST_KEY_UISupportedInterfaceOrientations_iPad = "UIInterfaceOrientationPortrait UIInterfaceOrientationPortraitUpsideDown UIInterfaceOrientationLandscapeLeft UIInterfaceOrientationLandscapeRight";
				INFOPLIST_KEY_UISupportedInterfaceOrientations_iPhone = "UIInterfaceOrientationPortrait UIInterfaceOrientationLandscapeLeft UIInterfaceOrientationLandscapeRight";
				LD_RUNPATH_SEARCH_PATHS = (
					"$(inherited)",
					"@executable_path/Frameworks",
				);
				MARKETING_VERSION = 1.0;
				PRODUCT_BUNDLE_IDENTIFIER = "Daniil.technical-Task";
				PRODUCT_NAME = "$(TARGET_NAME)";
				SWIFT_EMIT_LOC_STRINGS = YES;
				SWIFT_VERSION = 5.0;
				TARGETED_DEVICE_FAMILY = "1,2";
			};
			name = Debug;
		};
		F3ADA5DE2AA99C1000982D05 /* Release */ = {
			isa = XCBuildConfiguration;
			baseConfigurationReference = B9A7158F169082D50E5CD036 /* Pods-technical_Task.release.xcconfig */;
			buildSettings = {
				ASSETCATALOG_COMPILER_APPICON_NAME = AppIcon;
				ASSETCATALOG_COMPILER_GLOBAL_ACCENT_COLOR_NAME = AccentColor;
				CODE_SIGN_STYLE = Automatic;
				CURRENT_PROJECT_VERSION = 1;
				DEVELOPMENT_TEAM = RBRFGT8CHB;
				GENERATE_INFOPLIST_FILE = YES;
				INFOPLIST_FILE = technical_Task/Resources/Info.plist;
				INFOPLIST_KEY_UIApplicationSupportsIndirectInputEvents = YES;
				INFOPLIST_KEY_UILaunchStoryboardName = LaunchScreen;
				INFOPLIST_KEY_UIMainStoryboardFile = "";
				INFOPLIST_KEY_UISupportedInterfaceOrientations_iPad = "UIInterfaceOrientationPortrait UIInterfaceOrientationPortraitUpsideDown UIInterfaceOrientationLandscapeLeft UIInterfaceOrientationLandscapeRight";
				INFOPLIST_KEY_UISupportedInterfaceOrientations_iPhone = "UIInterfaceOrientationPortrait UIInterfaceOrientationLandscapeLeft UIInterfaceOrientationLandscapeRight";
				LD_RUNPATH_SEARCH_PATHS = (
					"$(inherited)",
					"@executable_path/Frameworks",
				);
				MARKETING_VERSION = 1.0;
				PRODUCT_BUNDLE_IDENTIFIER = "Daniil.technical-Task";
				PRODUCT_NAME = "$(TARGET_NAME)";
				SWIFT_EMIT_LOC_STRINGS = YES;
				SWIFT_VERSION = 5.0;
				TARGETED_DEVICE_FAMILY = "1,2";
			};
			name = Release;
		};
/* End XCBuildConfiguration section */

/* Begin XCConfigurationList section */
		F3ADA5C32AA99C0F00982D05 /* Build configuration list for PBXProject "technical_Task" */ = {
			isa = XCConfigurationList;
			buildConfigurations = (
				F3ADA5DA2AA99C1000982D05 /* Debug */,
				F3ADA5DB2AA99C1000982D05 /* Release */,
			);
			defaultConfigurationIsVisible = 0;
			defaultConfigurationName = Release;
		};
		F3ADA5DC2AA99C1000982D05 /* Build configuration list for PBXNativeTarget "technical_Task" */ = {
			isa = XCConfigurationList;
			buildConfigurations = (
				F3ADA5DD2AA99C1000982D05 /* Debug */,
				F3ADA5DE2AA99C1000982D05 /* Release */,
			);
			defaultConfigurationIsVisible = 0;
			defaultConfigurationName = Release;
		};
/* End XCConfigurationList section */
	};
	rootObject = F3ADA5C02AA99C0F00982D05 /* Project object */;
}
